Microsoft Visual Studio Solution File, Format Version 11.00
# Visual Studio 2008

Project("{DF99DF7E-1BE0-9924-E192-6BBBC5E5CB82}") = "Swarm2D", "Assembly-CSharp.csproj", "{4EAF0C23-6BFF-E8C5-FB45-9B75B79F9F66}"
EndProject
Global
	GlobalSection(SolutionConfigurationPlatforms) = preSolution
		Debug|Any CPU = Debug|Any CPU
		Release|Any CPU = Release|Any CPU
	EndGlobalSection
	GlobalSection(ProjectConfigurationPlatforms) = postSolution
		{4EAF0C23-6BFF-E8C5-FB45-9B75B79F9F66}.Debug|Any CPU.ActiveCfg = Debug|Any CPU
		{4EAF0C23-6BFF-E8C5-FB45-9B75B79F9F66}.Debug|Any CPU.Build.0 = Debug|Any CPU
		{4EAF0C23-6BFF-E8C5-FB45-9B75B79F9F66}.Release|Any CPU.ActiveCfg = Release|Any CPU
		{4EAF0C23-6BFF-E8C5-FB45-9B75B79F9F66}.Release|Any CPU.Build.0 = Release|Any CPU
	EndGlobalSection
	GlobalSection(SolutionProperties) = preSolution
		HideSolutionNode = FALSE
	EndGlobalSection
	GlobalSection(MonoDevelopProperties) = preSolution
		StartupItem = Assembly-CSharp.csproj
	EndGlobalSection
EndGlobal
